
Microsoft Visual Studio Solution File, Format Version 12.00
# Visual Studio Version 17
VisualStudioVersion = 17.10.34916.146
MinimumVisualStudioVersion = 10.0.40219.1
Project("{FAE04EC0-301F-11D3-BF4B-00C04F79EFBC}") = "AV10_DrawingPolygons", "AV10_DrawingPolygons\AV10_DrawingPolygons.csproj", "{8003C7CF-B8A5-41AC-982B-3E396E092FE7}"
EndProject
Global
	GlobalSection(SolutionConfigurationPlatforms) = preSolution
		Debug|Any CPU = Debug|Any CPU
		Release|Any CPU = Release|Any CPU
	EndGlobalSection
	GlobalSection(ProjectConfigurationPlatforms) = postSolution
		{8003C7CF-B8A5-41AC-982B-3E396E092FE7}.Debug|Any CPU.ActiveCfg = Debug|Any CPU
		{8003C7CF-B8A5-41AC-982B-3E396E092FE7}.Debug|Any CPU.Build.0 = Debug|Any CPU
		{8003C7CF-B8A5-41AC-982B-3E396E092FE7}.Release|Any CPU.ActiveCfg = Release|Any CPU
		{8003C7CF-B8A5-41AC-982B-3E396E092FE7}.Release|Any CPU.Build.0 = Release|Any CPU
	EndGlobalSection
	GlobalSection(SolutionProperties) = preSolution
		HideSolutionNode = FALSE
	EndGlobalSection
	GlobalSection(ExtensibilityGlobals) = postSolution
		SolutionGuid = {E33A1DFF-ECB2-4873-80F8-50EB88A35818}
	EndGlobalSection
EndGlobal
