
Microsoft Visual Studio Solution File, Format Version 12.00
# Visual Studio Version 17
VisualStudioVersion = 17.9.34714.143
MinimumVisualStudioVersion = 10.0.40219.1
Project("{FAE04EC0-301F-11D3-BF4B-00C04F79EFBC}") = "AV6_LinqWindowsFormsApp", "AV6_LinqWindowsFormsApp\AV6_LinqWindowsFormsApp.csproj", "{34D1C719-84F1-48D8-8370-27DB9B8D75CA}"
EndProject
Global
	GlobalSection(SolutionConfigurationPlatforms) = preSolution
		Debug|Any CPU = Debug|Any CPU
		Release|Any CPU = Release|Any CPU
	EndGlobalSection
	GlobalSection(ProjectConfigurationPlatforms) = postSolution
		{34D1C719-84F1-48D8-8370-27DB9B8D75CA}.Debug|Any CPU.ActiveCfg = Debug|Any CPU
		{34D1C719-84F1-48D8-8370-27DB9B8D75CA}.Debug|Any CPU.Build.0 = Debug|Any CPU
		{34D1C719-84F1-48D8-8370-27DB9B8D75CA}.Release|Any CPU.ActiveCfg = Release|Any CPU
		{34D1C719-84F1-48D8-8370-27DB9B8D75CA}.Release|Any CPU.Build.0 = Release|Any CPU
	EndGlobalSection
	GlobalSection(SolutionProperties) = preSolution
		HideSolutionNode = FALSE
	EndGlobalSection
	GlobalSection(ExtensibilityGlobals) = postSolution
		SolutionGuid = {3AA004CC-6F84-43E1-A2B7-4B8166ADB4C2}
	EndGlobalSection
EndGlobal
