
Microsoft Visual Studio Solution File, Format Version 12.00
# Visual Studio Version 17
VisualStudioVersion = 17.9.34714.143
MinimumVisualStudioVersion = 10.0.40219.1
Project("{FAE04EC0-301F-11D3-BF4B-00C04F79EFBC}") = "AV3_SongAlbumConsoleApp", "AV3_SongAlbumConsoleApp\AV3_SongAlbumConsoleApp.csproj", "{66D5B02F-A316-4BF0-AD8F-26B16633C2D7}"
EndProject
Global
	GlobalSection(SolutionConfigurationPlatforms) = preSolution
		Debug|Any CPU = Debug|Any CPU
		Release|Any CPU = Release|Any CPU
	EndGlobalSection
	GlobalSection(ProjectConfigurationPlatforms) = postSolution
		{66D5B02F-A316-4BF0-AD8F-26B16633C2D7}.Debug|Any CPU.ActiveCfg = Debug|Any CPU
		{66D5B02F-A316-4BF0-AD8F-26B16633C2D7}.Debug|Any CPU.Build.0 = Debug|Any CPU
		{66D5B02F-A316-4BF0-AD8F-26B16633C2D7}.Release|Any CPU.ActiveCfg = Release|Any CPU
		{66D5B02F-A316-4BF0-AD8F-26B16633C2D7}.Release|Any CPU.Build.0 = Release|Any CPU
	EndGlobalSection
	GlobalSection(SolutionProperties) = preSolution
		HideSolutionNode = FALSE
	EndGlobalSection
	GlobalSection(ExtensibilityGlobals) = postSolution
		SolutionGuid = {E83511CE-1726-4564-BA9F-25910E402924}
	EndGlobalSection
EndGlobal
